
Microsoft Visual Studio Solution File, Format Version 12.00
# Visual Studio 2013
Project("{8BC9CEB8-8B4A-11D0-8D11-00A0C91BC942}") = "OSCListenerApp", "OSCListenerApp.vcxproj", "{6520075B-1DA1-409E-BF1F-139A25597810}"
EndProject
Global
	GlobalSection(SolutionConfigurationPlatforms) = preSolution
		Debug|Win32 = Debug|Win32
		Release|Win32 = Release|Win32
	EndGlobalSection
	GlobalSection(ProjectConfigurationPlatforms) = postSolution
		{6520075B-1DA1-409E-BF1F-139A25597810}.Debug|Win32.ActiveCfg = Debug|Win32
		{6520075B-1DA1-409E-BF1F-139A25597810}.Debug|Win32.Build.0 = Debug|Win32
		{6520075B-1DA1-409E-BF1F-139A25597810}.Release|Win32.ActiveCfg = Release|Win32
		{6520075B-1DA1-409E-BF1F-139A25597810}.Release|Win32.Build.0 = Release|Win32
	EndGlobalSection
	GlobalSection(SolutionProperties) = preSolution
		HideSolutionNode = FALSE
	EndGlobalSection
EndGlobal
